
Microsoft Visual Studio Solution File, Format Version 12.00
# Visual Studio Version 16
VisualStudioVersion = 16.0.32126.315
MinimumVisualStudioVersion = 10.0.40219.1
Project("{FAE04EC0-301F-11D3-BF4B-00C04F79EFBC}") = "WebApplicationRavi", "WebApplicationRavi\WebApplicationRavi.csproj", "{40A72BC1-EF99-4E71-AD79-A2BDD125F41D}"
EndProject
Global
	GlobalSection(SolutionConfigurationPlatforms) = preSolution
		Debug|Any CPU = Debug|Any CPU
		Release|Any CPU = Release|Any CPU
	EndGlobalSection
	GlobalSection(ProjectConfigurationPlatforms) = postSolution
		{40A72BC1-EF99-4E71-AD79-A2BDD125F41D}.Debug|Any CPU.ActiveCfg = Debug|Any CPU
		{40A72BC1-EF99-4E71-AD79-A2BDD125F41D}.Debug|Any CPU.Build.0 = Debug|Any CPU
		{40A72BC1-EF99-4E71-AD79-A2BDD125F41D}.Release|Any CPU.ActiveCfg = Release|Any CPU
		{40A72BC1-EF99-4E71-AD79-A2BDD125F41D}.Release|Any CPU.Build.0 = Release|Any CPU
	EndGlobalSection
	GlobalSection(SolutionProperties) = preSolution
		HideSolutionNode = FALSE
	EndGlobalSection
	GlobalSection(ExtensibilityGlobals) = postSolution
		SolutionGuid = {14407BA8-2F64-4316-80D9-CD1910280AEA}
	EndGlobalSection
EndGlobal
